// !$*UTF8*$!
{
	archiveVersion = 1;
	classes = {
	};
	objectVersion = 55;
	objects = {

/* Begin PBXBuildFile section */
		3531A8812840E3C7002E40BE /* AppDelegate.swift in Sources */ = {isa = PBXBuildFile; fileRef = 3531A8802840E3C7002E40BE /* AppDelegate.swift */; };
		3531A8832840E3C7002E40BE /* SceneDelegate.swift in Sources */ = {isa = PBXBuildFile; fileRef = 3531A8822840E3C7002E40BE /* SceneDelegate.swift */; };
		3531A88A2840E3C8002E40BE /* Assets.xcassets in Resources */ = {isa = PBXBuildFile; fileRef = 3531A8892840E3C8002E40BE /* Assets.xcassets */; };
		3531A88D2840E3C8002E40BE /* LaunchScreen.storyboard in Resources */ = {isa = PBXBuildFile; fileRef = 3531A88B2840E3C8002E40BE /* LaunchScreen.storyboard */; };
		3543D7AF2844998C007E4FA0 /* UIImage+extension.swift in Sources */ = {isa = PBXBuildFile; fileRef = 3543D7AE2844998C007E4FA0 /* UIImage+extension.swift */; };
		3543D7B1284499B6007E4FA0 /* MapContentViewContoller.swift in Sources */ = {isa = PBXBuildFile; fileRef = 3543D7B0284499B6007E4FA0 /* MapContentViewContoller.swift */; };
		3543D7B728449A1D007E4FA0 /* SecondModal.swift in Sources */ = {isa = PBXBuildFile; fileRef = 3543D7B528449A1D007E4FA0 /* SecondModal.swift */; };
		3543D7B828449A1D007E4FA0 /* FIrstModal.swift in Sources */ = {isa = PBXBuildFile; fileRef = 3543D7B628449A1D007E4FA0 /* FIrstModal.swift */; };
		35E30BED284DC412003F2260 /* AddMarkerModal.swift in Sources */ = {isa = PBXBuildFile; fileRef = 35E30BEC284DC412003F2260 /* AddMarkerModal.swift */; };
		CD9A780D2840E4D400AD3DC2 /* LoginViewController.swift in Sources */ = {isa = PBXBuildFile; fileRef = CD9A780C2840E4D400AD3DC2 /* LoginViewController.swift */; };
		CD9AE3D42844C665004E9E84 /* LoginModel.swift in Sources */ = {isa = PBXBuildFile; fileRef = CD9AE3D32844C665004E9E84 /* LoginModel.swift */; };
		CD9AE3D62844C6DF004E9E84 /* UserModel.swift in Sources */ = {isa = PBXBuildFile; fileRef = CD9AE3D52844C6DF004E9E84 /* UserModel.swift */; };
/* End PBXBuildFile section */

/* Begin PBXFileReference section */
		3531A87D2840E3C7002E40BE /* RoadDangerChecker.app */ = {isa = PBXFileReference; explicitFileType = wrapper.application; includeInIndex = 0; path = RoadDangerChecker.app; sourceTree = BUILT_PRODUCTS_DIR; };
		3531A8802840E3C7002E40BE /* AppDelegate.swift */ = {isa = PBXFileReference; lastKnownFileType = sourcecode.swift; path = AppDelegate.swift; sourceTree = "<group>"; };
		3531A8822840E3C7002E40BE /* SceneDelegate.swift */ = {isa = PBXFileReference; lastKnownFileType = sourcecode.swift; path = SceneDelegate.swift; sourceTree = "<group>"; };
		3531A8892840E3C8002E40BE /* Assets.xcassets */ = {isa = PBXFileReference; lastKnownFileType = folder.assetcatalog; path = Assets.xcassets; sourceTree = "<group>"; };
		3531A88C2840E3C8002E40BE /* Base */ = {isa = PBXFileReference; lastKnownFileType = file.storyboard; name = Base; path = Base.lproj/LaunchScreen.storyboard; sourceTree = "<group>"; };
		3531A88E2840E3C8002E40BE /* Info.plist */ = {isa = PBXFileReference; lastKnownFileType = text.plist.xml; path = Info.plist; sourceTree = "<group>"; };
		3543D7AE2844998C007E4FA0 /* UIImage+extension.swift */ = {isa = PBXFileReference; fileEncoding = 4; lastKnownFileType = sourcecode.swift; path = "UIImage+extension.swift"; sourceTree = "<group>"; };
		3543D7B0284499B6007E4FA0 /* MapContentViewContoller.swift */ = {isa = PBXFileReference; fileEncoding = 4; lastKnownFileType = sourcecode.swift; path = MapContentViewContoller.swift; sourceTree = "<group>"; };
		3543D7B528449A1D007E4FA0 /* SecondModal.swift */ = {isa = PBXFileReference; fileEncoding = 4; lastKnownFileType = sourcecode.swift; path = SecondModal.swift; sourceTree = "<group>"; };
		3543D7B628449A1D007E4FA0 /* FIrstModal.swift */ = {isa = PBXFileReference; fileEncoding = 4; lastKnownFileType = sourcecode.swift; path = FIrstModal.swift; sourceTree = "<group>"; };
		35E30BEC284DC412003F2260 /* AddMarkerModal.swift */ = {isa = PBXFileReference; lastKnownFileType = sourcecode.swift; path = AddMarkerModal.swift; sourceTree = "<group>"; };
		CD9A780C2840E4D400AD3DC2 /* LoginViewController.swift */ = {isa = PBXFileReference; lastKnownFileType = sourcecode.swift; path = LoginViewController.swift; sourceTree = "<group>"; };
		CD9AE3D32844C665004E9E84 /* LoginModel.swift */ = {isa = PBXFileReference; lastKnownFileType = sourcecode.swift; path = LoginModel.swift; sourceTree = "<group>"; };
		CD9AE3D52844C6DF004E9E84 /* UserModel.swift */ = {isa = PBXFileReference; lastKnownFileType = sourcecode.swift; path = UserModel.swift; sourceTree = "<group>"; };
/* End PBXFileReference section */

/* Begin PBXFrameworksBuildPhase section */
		3531A87A2840E3C7002E40BE /* Frameworks */ = {
			isa = PBXFrameworksBuildPhase;
			buildActionMask = 2147483647;
			files = (
			);
			runOnlyForDeploymentPostprocessing = 0;
		};
/* End PBXFrameworksBuildPhase section */

/* Begin PBXGroup section */
		3531A8742840E3C7002E40BE = {
			isa = PBXGroup;
			children = (
				3531A87F2840E3C7002E40BE /* RoadDangerChecker */,
				3531A87E2840E3C7002E40BE /* Products */,
			);
			sourceTree = "<group>";
		};
		3531A87E2840E3C7002E40BE /* Products */ = {
			isa = PBXGroup;
			children = (
				3531A87D2840E3C7002E40BE /* RoadDangerChecker.app */,
			);
			name = Products;
			sourceTree = "<group>";
		};
		3531A87F2840E3C7002E40BE /* RoadDangerChecker */ = {
			isa = PBXGroup;
			children = (
				CD9AE3D22844C5FA004E9E84 /* Models */,
				3543D7B328449A05007E4FA0 /* RoadDangerCheckerController */,
				3543D7B2284499D7007E4FA0 /* App */,
				3543D7AD28449976007E4FA0 /* Icons */,
				3531A8892840E3C8002E40BE /* Assets.xcassets */,
				3531A88B2840E3C8002E40BE /* LaunchScreen.storyboard */,
				3531A88E2840E3C8002E40BE /* Info.plist */,
			);
			path = RoadDangerChecker;
			sourceTree = "<group>";
		};
		3543D7AD28449976007E4FA0 /* Icons */ = {
			isa = PBXGroup;
			children = (
				3543D7AE2844998C007E4FA0 /* UIImage+extension.swift */,
			);
			path = Icons;
			sourceTree = "<group>";
		};
		3543D7B2284499D7007E4FA0 /* App */ = {
			isa = PBXGroup;
			children = (
				3531A8802840E3C7002E40BE /* AppDelegate.swift */,
				3531A8822840E3C7002E40BE /* SceneDelegate.swift */,
			);
			path = App;
			sourceTree = "<group>";
		};
		3543D7B328449A05007E4FA0 /* RoadDangerCheckerController */ = {
			isa = PBXGroup;
			children = (
				3543D7B428449A12007E4FA0 /* Modals */,
				3543D7B0284499B6007E4FA0 /* MapContentViewContoller.swift */,
				CD9A780C2840E4D400AD3DC2 /* LoginViewController.swift */,
			);
			path = RoadDangerCheckerController;
			sourceTree = "<group>";
		};
		3543D7B428449A12007E4FA0 /* Modals */ = {
			isa = PBXGroup;
			children = (
				3543D7B628449A1D007E4FA0 /* FIrstModal.swift */,
				3543D7B528449A1D007E4FA0 /* SecondModal.swift */,
				35E30BEC284DC412003F2260 /* AddMarkerModal.swift */,
			);
			path = Modals;
			sourceTree = "<group>";
		};
		CD9AE3D22844C5FA004E9E84 /* Models */ = {
			isa = PBXGroup;
			children = (
				CD9AE3D32844C665004E9E84 /* LoginModel.swift */,
				CD9AE3D52844C6DF004E9E84 /* UserModel.swift */,
			);
			path = Models;
			sourceTree = "<group>";
		};
/* End PBXGroup section */

/* Begin PBXNativeTarget section */
		3531A87C2840E3C7002E40BE /* RoadDangerChecker */ = {
			isa = PBXNativeTarget;
			buildConfigurationList = 3531A8912840E3C8002E40BE /* Build configuration list for PBXNativeTarget "RoadDangerChecker" */;
			buildPhases = (
				3531A8792840E3C7002E40BE /* Sources */,
				3531A87A2840E3C7002E40BE /* Frameworks */,
				3531A87B2840E3C7002E40BE /* Resources */,
			);
			buildRules = (
			);
			dependencies = (
			);
			name = RoadDangerChecker;
			productName = RoadDangerChecker;
			productReference = 3531A87D2840E3C7002E40BE /* RoadDangerChecker.app */;
			productType = "com.apple.product-type.application";
		};
/* End PBXNativeTarget section */

/* Begin PBXProject section */
		3531A8752840E3C7002E40BE /* Project object */ = {
			isa = PBXProject;
			attributes = {
				BuildIndependentTargetsInParallel = 1;
				LastSwiftUpdateCheck = 1340;
				LastUpgradeCheck = 1340;
				TargetAttributes = {
					3531A87C2840E3C7002E40BE = {
						CreatedOnToolsVersion = 13.4;
					};
				};
			};
			buildConfigurationList = 3531A8782840E3C7002E40BE /* Build configuration list for PBXProject "RoadDangerChecker" */;
			compatibilityVersion = "Xcode 13.0";
			developmentRegion = en;
			hasScannedForEncodings = 0;
			knownRegions = (
				en,
				Base,
			);
			mainGroup = 3531A8742840E3C7002E40BE;
			productRefGroup = 3531A87E2840E3C7002E40BE /* Products */;
			projectDirPath = "";
			projectRoot = "";
			targets = (
				3531A87C2840E3C7002E40BE /* RoadDangerChecker */,
			);
		};
/* End PBXProject section */

/* Begin PBXResourcesBuildPhase section */
		3531A87B2840E3C7002E40BE /* Resources */ = {
			isa = PBXResourcesBuildPhase;
			buildActionMask = 2147483647;
			files = (
				3531A88D2840E3C8002E40BE /* LaunchScreen.storyboard in Resources */,
				3531A88A2840E3C8002E40BE /* Assets.xcassets in Resources */,
			);
			runOnlyForDeploymentPostprocessing = 0;
		};
/* End PBXResourcesBuildPhase section */

/* Begin PBXSourcesBuildPhase section */
		3531A8792840E3C7002E40BE /* Sources */ = {
			isa = PBXSourcesBuildPhase;
			buildActionMask = 2147483647;
			files = (
				3543D7AF2844998C007E4FA0 /* UIImage+extension.swift in Sources */,
				3543D7B728449A1D007E4FA0 /* SecondModal.swift in Sources */,
				CD9A780D2840E4D400AD3DC2 /* LoginViewController.swift in Sources */,
				3543D7B1284499B6007E4FA0 /* MapContentViewContoller.swift in Sources */,
				3543D7B828449A1D007E4FA0 /* FIrstModal.swift in Sources */,
				CD9AE3D62844C6DF004E9E84 /* UserModel.swift in Sources */,
				3531A8812840E3C7002E40BE /* AppDelegate.swift in Sources */,
				35E30BED284DC412003F2260 /* AddMarkerModal.swift in Sources */,
				3531A8832840E3C7002E40BE /* SceneDelegate.swift in Sources */,
				CD9AE3D42844C665004E9E84 /* LoginModel.swift in Sources */,
			);
			runOnlyForDeploymentPostprocessing = 0;
		};
/* End PBXSourcesBuildPhase section */

/* Begin PBXVariantGroup section */
		3531A88B2840E3C8002E40BE /* LaunchScreen.storyboard */ = {
			isa = PBXVariantGroup;
			children = (
				3531A88C2840E3C8002E40BE /* Base */,
			);
			name = LaunchScreen.storyboard;
			sourceTree = "<group>";
		};
/* End PBXVariantGroup section */

/* Begin XCBuildConfiguration section */
		3531A88F2840E3C8002E40BE /* Debug */ = {
			isa = XCBuildConfiguration;
			buildSettings = {
				ALWAYS_SEARCH_USER_PATHS = NO;
				CLANG_ANALYZER_NONNULL = YES;
				CLANG_ANALYZER_NUMBER_OBJECT_CONVERSION = YES_AGGRESSIVE;
				CLANG_CXX_LANGUAGE_STANDARD = "gnu++17";
				CLANG_ENABLE_MODULES = YES;
				CLANG_ENABLE_OBJC_ARC = YES;
				CLANG_ENABLE_OBJC_WEAK = YES;
				CLANG_WARN_BLOCK_CAPTURE_AUTORELEASING = YES;
				CLANG_WARN_BOOL_CONVERSION = YES;
				CLANG_WARN_COMMA = YES;
				CLANG_WARN_CONSTANT_CONVERSION = YES;
				CLANG_WARN_DEPRECATED_OBJC_IMPLEMENTATIONS = YES;
				CLANG_WARN_DIRECT_OBJC_ISA_USAGE = YES_ERROR;
				CLANG_WARN_DOCUMENTATION_COMMENTS = YES;
				CLANG_WARN_EMPTY_BODY = YES;
				CLANG_WARN_ENUM_CONVERSION = YES;
				CLANG_WARN_INFINITE_RECURSION = YES;
				CLANG_WARN_INT_CONVERSION = YES;
				CLANG_WARN_NON_LITERAL_NULL_CONVERSION = YES;
				CLANG_WARN_OBJC_IMPLICIT_RETAIN_SELF = YES;
				CLANG_WARN_OBJC_LITERAL_CONVERSION = YES;
				CLANG_WARN_OBJC_ROOT_CLASS = YES_ERROR;
				CLANG_WARN_QUOTED_INCLUDE_IN_FRAMEWORK_HEADER = YES;
				CLANG_WARN_RANGE_LOOP_ANALYSIS = YES;
				CLANG_WARN_STRICT_PROTOTYPES = YES;
				CLANG_WARN_SUSPICIOUS_MOVE = YES;
				CLANG_WARN_UNGUARDED_AVAILABILITY = YES_AGGRESSIVE;
				CLANG_WARN_UNREACHABLE_CODE = YES;
				CLANG_WARN__DUPLICATE_METHOD_MATCH = YES;
				COPY_PHASE_STRIP = NO;
				DEBUG_INFORMATION_FORMAT = dwarf;
				ENABLE_STRICT_OBJC_MSGSEND = YES;
				ENABLE_TESTABILITY = YES;
				GCC_C_LANGUAGE_STANDARD = gnu11;
				GCC_DYNAMIC_NO_PIC = NO;
				GCC_NO_COMMON_BLOCKS = YES;
				GCC_OPTIMIZATION_LEVEL = 0;
				GCC_PREPROCESSOR_DEFINITIONS = (
					"DEBUG=1",
					"$(inherited)",
				);
				GCC_WARN_64_TO_32_BIT_CONVERSION = YES;
				GCC_WARN_ABOUT_RETURN_TYPE = YES_ERROR;
				GCC_WARN_UNDECLARED_SELECTOR = YES;
				GCC_WARN_UNINITIALIZED_AUTOS = YES_AGGRESSIVE;
				GCC_WARN_UNUSED_FUNCTION = YES;
				GCC_WARN_UNUSED_VARIABLE = YES;
				IPHONEOS_DEPLOYMENT_TARGET = 15.5;
				MTL_ENABLE_DEBUG_INFO = INCLUDE_SOURCE;
				MTL_FAST_MATH = YES;
				ONLY_ACTIVE_ARCH = YES;
				SDKROOT = iphoneos;
				SWIFT_ACTIVE_COMPILATION_CONDITIONS = DEBUG;
				SWIFT_OPTIMIZATION_LEVEL = "-Onone";
			};
			name = Debug;
		};
		3531A8902840E3C8002E40BE /* Release */ = {
			isa = XCBuildConfiguration;
			buildSettings = {
				ALWAYS_SEARCH_USER_PATHS = NO;
				CLANG_ANALYZER_NONNULL = YES;
				CLANG_ANALYZER_NUMBER_OBJECT_CONVERSION = YES_AGGRESSIVE;
				CLANG_CXX_LANGUAGE_STANDARD = "gnu++17";
				CLANG_ENABLE_MODULES = YES;
				CLANG_ENABLE_OBJC_ARC = YES;
				CLANG_ENABLE_OBJC_WEAK = YES;
				CLANG_WARN_BLOCK_CAPTURE_AUTORELEASING = YES;
				CLANG_WARN_BOOL_CONVERSION = YES;
				CLANG_WARN_COMMA = YES;
				CLANG_WARN_CONSTANT_CONVERSION = YES;
				CLANG_WARN_DEPRECATED_OBJC_IMPLEMENTATIONS = YES;
				CLANG_WARN_DIRECT_OBJC_ISA_USAGE = YES_ERROR;
				CLANG_WARN_DOCUMENTATION_COMMENTS = YES;
				CLANG_WARN_EMPTY_BODY = YES;
				CLANG_WARN_ENUM_CONVERSION = YES;
				CLANG_WARN_INFINITE_RECURSION = YES;
				CLANG_WARN_INT_CONVERSION = YES;
				CLANG_WARN_NON_LITERAL_NULL_CONVERSION = YES;
				CLANG_WARN_OBJC_IMPLICIT_RETAIN_SELF = YES;
				CLANG_WARN_OBJC_LITERAL_CONVERSION = YES;
				CLANG_WARN_OBJC_ROOT_CLASS = YES_ERROR;
				CLANG_WARN_QUOTED_INCLUDE_IN_FRAMEWORK_HEADER = YES;
				CLANG_WARN_RANGE_LOOP_ANALYSIS = YES;
				CLANG_WARN_STRICT_PROTOTYPES = YES;
				CLANG_WARN_SUSPICIOUS_MOVE = YES;
				CLANG_WARN_UNGUARDED_AVAILABILITY = YES_AGGRESSIVE;
				CLANG_WARN_UNREACHABLE_CODE = YES;
				CLANG_WARN__DUPLICATE_METHOD_MATCH = YES;
				COPY_PHASE_STRIP = NO;
				DEBUG_INFORMATION_FORMAT = "dwarf-with-dsym";
				ENABLE_NS_ASSERTIONS = NO;
				ENABLE_STRICT_OBJC_MSGSEND = YES;
				GCC_C_LANGUAGE_STANDARD = gnu11;
				GCC_NO_COMMON_BLOCKS = YES;
				GCC_WARN_64_TO_32_BIT_CONVERSION = YES;
				GCC_WARN_ABOUT_RETURN_TYPE = YES_ERROR;
				GCC_WARN_UNDECLARED_SELECTOR = YES;
				GCC_WARN_UNINITIALIZED_AUTOS = YES_AGGRESSIVE;
				GCC_WARN_UNUSED_FUNCTION = YES;
				GCC_WARN_UNUSED_VARIABLE = YES;
				IPHONEOS_DEPLOYMENT_TARGET = 15.5;
				MTL_ENABLE_DEBUG_INFO = NO;
				MTL_FAST_MATH = YES;
				SDKROOT = iphoneos;
				SWIFT_COMPILATION_MODE = wholemodule;
				SWIFT_OPTIMIZATION_LEVEL = "-O";
				VALIDATE_PRODUCT = YES;
			};
			name = Release;
		};
		3531A8922840E3C8002E40BE /* Debug */ = {
			isa = XCBuildConfiguration;
			buildSettings = {
				ASSETCATALOG_COMPILER_APPICON_NAME = AppIcon;
				ASSETCATALOG_COMPILER_GLOBAL_ACCENT_COLOR_NAME = AccentColor;
				CODE_SIGN_STYLE = Automatic;
				CURRENT_PROJECT_VERSION = 1;
				DEVELOPMENT_TEAM = 663QYTT48P;
				GENERATE_INFOPLIST_FILE = YES;
				INFOPLIST_FILE = RoadDangerChecker/Info.plist;
				INFOPLIST_KEY_UIApplicationSupportsIndirectInputEvents = YES;
				INFOPLIST_KEY_UILaunchStoryboardName = LaunchScreen;
				INFOPLIST_KEY_UISupportedInterfaceOrientations_iPad = "UIInterfaceOrientationPortrait UIInterfaceOrientationPortraitUpsideDown UIInterfaceOrientationLandscapeLeft UIInterfaceOrientationLandscapeRight";
				INFOPLIST_KEY_UISupportedInterfaceOrientations_iPhone = "UIInterfaceOrientationPortrait UIInterfaceOrientationLandscapeLeft UIInterfaceOrientationLandscapeRight";
				LD_RUNPATH_SEARCH_PATHS = (
					"$(inherited)",
					"@executable_path/Frameworks",
				);
				MARKETING_VERSION = 1.0;
				PRODUCT_BUNDLE_IDENTIFIER = "daunjeong0824-Practice.RoadDangerChecker";
				PRODUCT_NAME = "$(TARGET_NAME)";
				SWIFT_EMIT_LOC_STRINGS = YES;
				SWIFT_VERSION = 5.0;
				TARGETED_DEVICE_FAMILY = "1,2";
			};
			name = Debug;
		};
		3531A8932840E3C8002E40BE /* Release */ = {
			isa = XCBuildConfiguration;
			buildSettings = {
				ASSETCATALOG_COMPILER_APPICON_NAME = AppIcon;
				ASSETCATALOG_COMPILER_GLOBAL_ACCENT_COLOR_NAME = AccentColor;
				CODE_SIGN_STYLE = Automatic;
				CURRENT_PROJECT_VERSION = 1;
				DEVELOPMENT_TEAM = 663QYTT48P;
				GENERATE_INFOPLIST_FILE = YES;
				INFOPLIST_FILE = RoadDangerChecker/Info.plist;
				INFOPLIST_KEY_UIApplicationSupportsIndirectInputEvents = YES;
				INFOPLIST_KEY_UILaunchStoryboardName = LaunchScreen;
				INFOPLIST_KEY_UISupportedInterfaceOrientations_iPad = "UIInterfaceOrientationPortrait UIInterfaceOrientationPortraitUpsideDown UIInterfaceOrientationLandscapeLeft UIInterfaceOrientationLandscapeRight";
				INFOPLIST_KEY_UISupportedInterfaceOrientations_iPhone = "UIInterfaceOrientationPortrait UIInterfaceOrientationLandscapeLeft UIInterfaceOrientationLandscapeRight";
				LD_RUNPATH_SEARCH_PATHS = (
					"$(inherited)",
					"@executable_path/Frameworks",
				);
				MARKETING_VERSION = 1.0;
				PRODUCT_BUNDLE_IDENTIFIER = "daunjeong0824-Practice.RoadDangerChecker";
				PRODUCT_NAME = "$(TARGET_NAME)";
				SWIFT_EMIT_LOC_STRINGS = YES;
				SWIFT_VERSION = 5.0;
				TARGETED_DEVICE_FAMILY = "1,2";
			};
			name = Release;
		};
/* End XCBuildConfiguration section */

/* Begin XCConfigurationList section */
		3531A8782840E3C7002E40BE /* Build configuration list for PBXProject "RoadDangerChecker" */ = {
			isa = XCConfigurationList;
			buildConfigurations = (
				3531A88F2840E3C8002E40BE /* Debug */,
				3531A8902840E3C8002E40BE /* Release */,
			);
			defaultConfigurationIsVisible = 0;
			defaultConfigurationName = Release;
		};
		3531A8912840E3C8002E40BE /* Build configuration list for PBXNativeTarget "RoadDangerChecker" */ = {
			isa = XCConfigurationList;
			buildConfigurations = (
				3531A8922840E3C8002E40BE /* Debug */,
				3531A8932840E3C8002E40BE /* Release */,
			);
			defaultConfigurationIsVisible = 0;
			defaultConfigurationName = Release;
		};
/* End XCConfigurationList section */
	};
	rootObject = 3531A8752840E3C7002E40BE /* Project object */;
}
